
Microsoft Visual Studio Solution File, Format Version 12.00
# Visual Studio Version 17
VisualStudioVersion = 17.14.36025.13 d17.14
MinimumVisualStudioVersion = 10.0.40219.1
Project("{FAE04EC0-301F-11D3-BF4B-00C04F79EFBC}") = "PoinSiswa_Form", "PoinSiswa_Form\PoinSiswa_Form.csproj", "{8E84027C-0F34-4F8B-B42B-9D34670D596B}"
EndProject
Project("{FAE04EC0-301F-11D3-BF4B-00C04F79EFBC}") = "PoinSiswa_API", "PoinSiswa_API\PoinSiswa_API.csproj", "{44756E21-E43D-477E-9A2E-D39B8F16810E}"
EndProject
Project("{FAE04EC0-301F-11D3-BF4B-00C04F79EFBC}") = "PoinSiswa_Library", "PoinSiswa_Library\PoinSiswa_Library.csproj", "{D734D33A-87FA-4E15-A52F-E63C0C5C0305}"
EndProject
Project("{FAE04EC0-301F-11D3-BF4B-00C04F79EFBC}") = "PoinSiswa_Test", "PoinSiswa_Test\PoinSiswa_Test.csproj", "{8FDD247F-AB26-4EDE-BC91-4C0C1E8BC573}"
EndProject
Global
	GlobalSection(SolutionConfigurationPlatforms) = preSolution
		Debug|Any CPU = Debug|Any CPU
		Release|Any CPU = Release|Any CPU
	EndGlobalSection
	GlobalSection(ProjectConfigurationPlatforms) = postSolution
		{8E84027C-0F34-4F8B-B42B-9D34670D596B}.Debug|Any CPU.ActiveCfg = Debug|Any CPU
		{8E84027C-0F34-4F8B-B42B-9D34670D596B}.Debug|Any CPU.Build.0 = Debug|Any CPU
		{8E84027C-0F34-4F8B-B42B-9D34670D596B}.Release|Any CPU.ActiveCfg = Release|Any CPU
		{8E84027C-0F34-4F8B-B42B-9D34670D596B}.Release|Any CPU.Build.0 = Release|Any CPU
		{44756E21-E43D-477E-9A2E-D39B8F16810E}.Debug|Any CPU.ActiveCfg = Debug|Any CPU
		{44756E21-E43D-477E-9A2E-D39B8F16810E}.Debug|Any CPU.Build.0 = Debug|Any CPU
		{44756E21-E43D-477E-9A2E-D39B8F16810E}.Release|Any CPU.ActiveCfg = Release|Any CPU
		{44756E21-E43D-477E-9A2E-D39B8F16810E}.Release|Any CPU.Build.0 = Release|Any CPU
		{D734D33A-87FA-4E15-A52F-E63C0C5C0305}.Debug|Any CPU.ActiveCfg = Debug|Any CPU
		{D734D33A-87FA-4E15-A52F-E63C0C5C0305}.Debug|Any CPU.Build.0 = Debug|Any CPU
		{D734D33A-87FA-4E15-A52F-E63C0C5C0305}.Release|Any CPU.ActiveCfg = Release|Any CPU
		{D734D33A-87FA-4E15-A52F-E63C0C5C0305}.Release|Any CPU.Build.0 = Release|Any CPU
		{8FDD247F-AB26-4EDE-BC91-4C0C1E8BC573}.Debug|Any CPU.ActiveCfg = Debug|Any CPU
		{8FDD247F-AB26-4EDE-BC91-4C0C1E8BC573}.Debug|Any CPU.Build.0 = Debug|Any CPU
		{8FDD247F-AB26-4EDE-BC91-4C0C1E8BC573}.Release|Any CPU.ActiveCfg = Release|Any CPU
		{8FDD247F-AB26-4EDE-BC91-4C0C1E8BC573}.Release|Any CPU.Build.0 = Release|Any CPU
	EndGlobalSection
	GlobalSection(SolutionProperties) = preSolution
		HideSolutionNode = FALSE
	EndGlobalSection
	GlobalSection(ExtensibilityGlobals) = postSolution
		SolutionGuid = {F4C8CC43-B3A3-48A4-B47D-F1DDE9FBE6C0}
	EndGlobalSection
EndGlobal
